
Microsoft Visual Studio Solution File, Format Version 12.00
# Visual Studio Version 17
VisualStudioVersion = 17.9.34728.123
MinimumVisualStudioVersion = 10.0.40219.1
Project("{FAE04EC0-301F-11D3-BF4B-00C04F79EFBC}") = "P_LINC", "P_LINC\P_LINC.csproj", "{1D35F087-9901-42C6-A3C6-0BCEC7ACF93B}"
EndProject
Project("{FAE04EC0-301F-11D3-BF4B-00C04F79EFBC}") = "P_LINCB", "P_LINCB\P_LINCB.csproj", "{4C1CECB7-6E7A-4CB3-866E-28611D933638}"
EndProject
Global
	GlobalSection(SolutionConfigurationPlatforms) = preSolution
		Debug|Any CPU = Debug|Any CPU
		Release|Any CPU = Release|Any CPU
	EndGlobalSection
	GlobalSection(ProjectConfigurationPlatforms) = postSolution
		{1D35F087-9901-42C6-A3C6-0BCEC7ACF93B}.Debug|Any CPU.ActiveCfg = Debug|Any CPU
		{1D35F087-9901-42C6-A3C6-0BCEC7ACF93B}.Debug|Any CPU.Build.0 = Debug|Any CPU
		{1D35F087-9901-42C6-A3C6-0BCEC7ACF93B}.Release|Any CPU.ActiveCfg = Release|Any CPU
		{1D35F087-9901-42C6-A3C6-0BCEC7ACF93B}.Release|Any CPU.Build.0 = Release|Any CPU
		{4C1CECB7-6E7A-4CB3-866E-28611D933638}.Debug|Any CPU.ActiveCfg = Debug|Any CPU
		{4C1CECB7-6E7A-4CB3-866E-28611D933638}.Debug|Any CPU.Build.0 = Debug|Any CPU
		{4C1CECB7-6E7A-4CB3-866E-28611D933638}.Release|Any CPU.ActiveCfg = Release|Any CPU
		{4C1CECB7-6E7A-4CB3-866E-28611D933638}.Release|Any CPU.Build.0 = Release|Any CPU
	EndGlobalSection
	GlobalSection(SolutionProperties) = preSolution
		HideSolutionNode = FALSE
	EndGlobalSection
	GlobalSection(ExtensibilityGlobals) = postSolution
		SolutionGuid = {BDA8AFCF-A9A1-4069-9ADB-12A7639F9A57}
	EndGlobalSection
EndGlobal
